
Microsoft Visual Studio Solution File, Format Version 12.00
# Visual Studio Version 17
VisualStudioVersion = 17.4.33103.184
MinimumVisualStudioVersion = 10.0.40219.1
Project("{8BC9CEB8-8B4A-11D0-8D11-00A0C91BC942}") = "Game", "Game\Game.vcxproj", "{FA5F6C34-1796-4B73-A684-6A8099C67E7B}"
	ProjectSection(ProjectDependencies) = postProject
		{30D65583-A87B-4488-A22D-BB535743D874} = {30D65583-A87B-4488-A22D-BB535743D874}
	EndProjectSection
EndProject
Project("{8BC9CEB8-8B4A-11D0-8D11-00A0C91BC942}") = "AppFrame", "..\AppFrame\AppFrame.vcxproj", "{30D65583-A87B-4488-A22D-BB535743D874}"
EndProject
Global
	GlobalSection(SolutionConfigurationPlatforms) = preSolution
		Debug|x64 = Debug|x64
		Debug|x86 = Debug|x86
		Release|x64 = Release|x64
		Release|x86 = Release|x86
	EndGlobalSection
	GlobalSection(ProjectConfigurationPlatforms) = postSolution
		{FA5F6C34-1796-4B73-A684-6A8099C67E7B}.Debug|x64.ActiveCfg = Debug|x64
		{FA5F6C34-1796-4B73-A684-6A8099C67E7B}.Debug|x64.Build.0 = Debug|x64
		{FA5F6C34-1796-4B73-A684-6A8099C67E7B}.Debug|x86.ActiveCfg = Debug|Win32
		{FA5F6C34-1796-4B73-A684-6A8099C67E7B}.Debug|x86.Build.0 = Debug|Win32
		{FA5F6C34-1796-4B73-A684-6A8099C67E7B}.Release|x64.ActiveCfg = Release|x64
		{FA5F6C34-1796-4B73-A684-6A8099C67E7B}.Release|x64.Build.0 = Release|x64
		{FA5F6C34-1796-4B73-A684-6A8099C67E7B}.Release|x86.ActiveCfg = Release|Win32
		{FA5F6C34-1796-4B73-A684-6A8099C67E7B}.Release|x86.Build.0 = Release|Win32
		{30D65583-A87B-4488-A22D-BB535743D874}.Debug|x64.ActiveCfg = Debug|x64
		{30D65583-A87B-4488-A22D-BB535743D874}.Debug|x64.Build.0 = Debug|x64
		{30D65583-A87B-4488-A22D-BB535743D874}.Debug|x86.ActiveCfg = Debug|Win32
		{30D65583-A87B-4488-A22D-BB535743D874}.Debug|x86.Build.0 = Debug|Win32
		{30D65583-A87B-4488-A22D-BB535743D874}.Release|x64.ActiveCfg = Release|x64
		{30D65583-A87B-4488-A22D-BB535743D874}.Release|x64.Build.0 = Release|x64
		{30D65583-A87B-4488-A22D-BB535743D874}.Release|x86.ActiveCfg = Release|Win32
		{30D65583-A87B-4488-A22D-BB535743D874}.Release|x86.Build.0 = Release|Win32
	EndGlobalSection
	GlobalSection(SolutionProperties) = preSolution
		HideSolutionNode = FALSE
	EndGlobalSection
	GlobalSection(ExtensibilityGlobals) = postSolution
		SolutionGuid = {4AEE3B6A-8611-44C9-9B77-3D5E8556AE0A}
	EndGlobalSection
EndGlobal
