<?xml version="1.0" encoding="utf-8"?>
<Project ToolsVersion="4.0" xmlns="http://schemas.microsoft.com/developer/msbuild/2003">
  <ItemGroup>
    <ClCompile Include="source\ApplicationMain.cpp" />
    <ClCompile Include="source\Boss.cpp" />
    <ClCompile Include="source\Camera.cpp" />
    <ClCompile Include="source\Damage.cpp" />
    <ClCompile Include="source\Slime.cpp" />
    <ClCompile Include="source\Gimmick.cpp" />
    <ClCompile Include="source\stdafx.cpp" />
    <ClCompile Include="source\timer.cpp" />
    <ClCompile Include="source\Bossrun.cpp" />
    <ClCompile Include="source\IronDoor.cpp" />
    <ClCompile Include="source\Electrode.cpp" />
    <ClCompile Include="source\Elevator.cpp" />
    <ClCompile Include="source\Tube.cpp" />
    <ClCompile Include="source\Bossattack.cpp" />
    <ClCompile Include="source\Bossdamage.cpp" />
    <ClCompile Include="source\Bossdown.cpp" />
    <ClCompile Include="source\BossSwamp.cpp" />
    <ClCompile Include="source\GameMode\ModeBoss.cpp" />
    <ClCompile Include="source\GameMode\ModeEnding.cpp" />
    <ClCompile Include="source\GameMode\ModeGame.cpp" />
    <ClCompile Include="source\GameMode\ModeGameOver.cpp" />
    <ClCompile Include="source\GameMode\ModeLogo.cpp" />
    <ClCompile Include="source\GameMode\ModeRule.cpp" />
    <ClCompile Include="source\GameMode\ModeStage0.cpp" />
    <ClCompile Include="source\GameMode\ModeTitle.cpp" />
    <ClCompile Include="source\Player\lkabomb.cpp" />
    <ClCompile Include="source\Player\lkacircle.cpp" />
    <ClCompile Include="source\Player\LKAclass.cpp" />
    <ClCompile Include="source\Player\lkaheal.cpp" />
    <ClCompile Include="source\Player\Player.cpp" />
    <ClCompile Include="source\Player\PlayerBomb.cpp" />
    <ClCompile Include="source\Player\sanbomb.cpp" />
    <ClCompile Include="source\Player\sancircle.cpp" />
    <ClCompile Include="source\Player\SANclass.cpp" />
    <ClCompile Include="source\Player\sanheal.cpp" />
  </ItemGroup>
  <ItemGroup>
    <ClInclude Include="source\ApplicationMain.h" />
    <ClInclude Include="source\Boss.h" />
    <ClInclude Include="source\Camera.h" />
    <ClInclude Include="source\Slime.h" />
    <ClInclude Include="source\Gimmick.h" />
    <ClInclude Include="source\stdafx.h" />
    <ClInclude Include="source\timer.h" />
    <ClInclude Include="source\Bossrun.h" />
    <ClInclude Include="source\IronDoor.h" />
    <ClInclude Include="source\Electrode.h" />
    <ClInclude Include="source\Elevator.h" />
    <ClInclude Include="source\Tube.h" />
    <ClInclude Include="source\Bossattack.h" />
    <ClInclude Include="source\Bossdamage.h" />
    <ClInclude Include="source\Bossdown.h" />
    <ClInclude Include="source\BossSwamp.h" />
    <ClInclude Include="source\Damage.h" />
    <ClInclude Include="source\GameMode\ModeBoss.h" />
    <ClInclude Include="source\GameMode\ModeEnding.h" />
    <ClInclude Include="source\GameMode\ModeGame.h" />
    <ClInclude Include="source\GameMode\ModeGameOver.h" />
    <ClInclude Include="source\GameMode\ModeLogo.h" />
    <ClInclude Include="source\GameMode\ModeRule.h" />
    <ClInclude Include="source\GameMode\ModeStage0.h" />
    <ClInclude Include="source\GameMode\ModeTitle.h" />
    <ClInclude Include="source\Player\lkabomb.h" />
    <ClInclude Include="source\Player\lkacircle.h" />
    <ClInclude Include="source\Player\LKAclass.h" />
    <ClInclude Include="source\Player\lkaheal.h" />
    <ClInclude Include="source\Player\Player.h" />
    <ClInclude Include="source\Player\PlayerBomb.h" />
    <ClInclude Include="source\Player\sanbomb.h" />
    <ClInclude Include="source\Player\sancircle.h" />
    <ClInclude Include="source\Player\SANclass.h" />
    <ClInclude Include="source\Player\sanheal.h" />
  </ItemGroup>
</Project>