<?xml version="1.0" encoding="utf-8"?>
<Project ToolsVersion="4.0" xmlns="http://schemas.microsoft.com/developer/msbuild/2003">
  <ItemGroup>
    <ClCompile Include="source\ApplicationMain.cpp" />
    <ClCompile Include="source\Damage.cpp" />
    <ClCompile Include="source\Enemy.cpp" />
    <ClCompile Include="source\Gimmick.cpp" />
    <ClCompile Include="source\LkaBomb.cpp" />
    <ClCompile Include="source\LKAclass.cpp" />
    <ClCompile Include="source\ModeBoss.cpp" />
    <ClCompile Include="source\ModeEnding.cpp" />
    <ClCompile Include="source\ModeGame.cpp" />
    <ClCompile Include="source\ModeGameOver.cpp" />
    <ClCompile Include="source\ModeLogo.cpp" />
    <ClCompile Include="source\ModeStage0.cpp" />
    <ClCompile Include="source\ModeStage1.cpp" />
    <ClCompile Include="source\ModeStage2.cpp" />
    <ClCompile Include="source\ModeStage3.cpp" />
    <ClCompile Include="source\ModeTitle.cpp" />
    <ClCompile Include="source\Player.cpp" />
    <ClCompile Include="source\SanBomb.cpp" />
    <ClCompile Include="source\SANclass.cpp" />
    <ClCompile Include="source\stdafx.cpp" />
    <ClCompile Include="source\timer.cpp" />
    <ClCompile Include="source\Slime.cpp" />
    <ClCompile Include="source\Boss.cpp" />
    <ClCompile Include="PlayerBomb.cpp" />
  </ItemGroup>
  <ItemGroup>
    <ClInclude Include="source\ApplicationMain.h" />
    <ClInclude Include="source\Damage.h" />
    <ClInclude Include="source\Enemy.h" />
    <ClInclude Include="source\Gimmick.h" />
    <ClInclude Include="source\Include.h" />
    <ClInclude Include="source\LkaBomb.h" />
    <ClInclude Include="source\LKAclass.h" />
    <ClInclude Include="source\ModeBoss.h" />
    <ClInclude Include="source\ModeEnding.h" />
    <ClInclude Include="source\ModeGame.h" />
    <ClInclude Include="source\ModeGameOver.h" />
    <ClInclude Include="source\ModeLogo.h" />
    <ClInclude Include="source\ModeStage0.h" />
    <ClInclude Include="source\ModeStage1.h" />
    <ClInclude Include="source\ModeStage2.h" />
    <ClInclude Include="source\ModeStage3.h" />
    <ClInclude Include="source\ModeTitle.h" />
    <ClInclude Include="source\Player.h" />
    <ClInclude Include="source\PlayerBomb.h" />
    <ClInclude Include="source\SanBomb.h" />
    <ClInclude Include="source\SANclass.h" />
    <ClInclude Include="source\stdafx.h" />
    <ClInclude Include="source\timer.h" />
    <ClInclude Include="source\Slime.h" />
    <ClInclude Include="source\Boss.h" />
  </ItemGroup>
</Project>